github.com/g-ameline/maybe v0.0.0-20230830075651-0378745e1325 h1:FTo0Sc308a7kJ6/41quPOGOKL8NR7bGAOwAWxCrYols=
github.com/g-ameline/maybe v0.0.0-20230830075651-0378745e1325/go.mod h1:7TphTbo/2oMVdUdDRCb7wkdK6XTE/V4WtwaLKh5PRAM=
github.com/mattn/go-sqlite3 v1.14.17 h1:mCRHCLDUBXgpKAqIKsaAaAsrAlbkeomtRFKXh2L6YIM=
github.com/mattn/go-sqlite3 v1.14.17/go.mod h1:2eHXhiwb8IkHr+BDWZGa96P6+rkvnG63S2DGjv9HUNg=
